
Microsoft Visual Studio Solution File, Format Version 12.00
# Visual Studio Version 17
VisualStudioVersion = 17.14.36203.30 d17.14
MinimumVisualStudioVersion = 10.0.40219.1
Project("{FAE04EC0-301F-11D3-BF4B-00C04F79EFBC}") = "PART 3 st10444275", "PART 3 st10444275\PART 3 st10444275.csproj", "{D0869BDA-AB72-4AA9-903F-D578AE3E5AC9}"
EndProject
Global
	GlobalSection(SolutionConfigurationPlatforms) = preSolution
		Debug|Any CPU = Debug|Any CPU
		Release|Any CPU = Release|Any CPU
	EndGlobalSection
	GlobalSection(ProjectConfigurationPlatforms) = postSolution
		{D0869BDA-AB72-4AA9-903F-D578AE3E5AC9}.Debug|Any CPU.ActiveCfg = Debug|Any CPU
		{D0869BDA-AB72-4AA9-903F-D578AE3E5AC9}.Debug|Any CPU.Build.0 = Debug|Any CPU
		{D0869BDA-AB72-4AA9-903F-D578AE3E5AC9}.Release|Any CPU.ActiveCfg = Release|Any CPU
		{D0869BDA-AB72-4AA9-903F-D578AE3E5AC9}.Release|Any CPU.Build.0 = Release|Any CPU
	EndGlobalSection
	GlobalSection(SolutionProperties) = preSolution
		HideSolutionNode = FALSE
	EndGlobalSection
	GlobalSection(ExtensibilityGlobals) = postSolution
		SolutionGuid = {F09E7359-796E-4E93-8FF5-BC499FA89D08}
	EndGlobalSection
EndGlobal
